
Microsoft Visual Studio Solution File, Format Version 12.00
# Visual Studio Version 16
VisualStudioVersion = 16.0.30717.126
MinimumVisualStudioVersion = 10.0.40219.1
Project("{FAE04EC0-301F-11D3-BF4B-00C04F79EFBC}") = "MineSweeper", "MineSweeper.csproj", "{FA31046D-EF67-4B45-A13D-491E15A5D815}"
EndProject
Global
	GlobalSection(SolutionConfigurationPlatforms) = preSolution
		Debug|Any CPU = Debug|Any CPU
		Release|Any CPU = Release|Any CPU
	EndGlobalSection
	GlobalSection(ProjectConfigurationPlatforms) = postSolution
		{FA31046D-EF67-4B45-A13D-491E15A5D815}.Debug|Any CPU.ActiveCfg = Debug|Any CPU
		{FA31046D-EF67-4B45-A13D-491E15A5D815}.Debug|Any CPU.Build.0 = Debug|Any CPU
		{FA31046D-EF67-4B45-A13D-491E15A5D815}.Release|Any CPU.ActiveCfg = Release|Any CPU
		{FA31046D-EF67-4B45-A13D-491E15A5D815}.Release|Any CPU.Build.0 = Release|Any CPU
	EndGlobalSection
	GlobalSection(SolutionProperties) = preSolution
		HideSolutionNode = FALSE
	EndGlobalSection
	GlobalSection(ExtensibilityGlobals) = postSolution
		SolutionGuid = {53B233A1-07BF-4119-A090-0ABAD8CDDE4C}
	EndGlobalSection
EndGlobal
